
Microsoft Visual Studio Solution File, Format Version 12.00
# Visual Studio Version 16
VisualStudioVersion = 16.0.29509.3
MinimumVisualStudioVersion = 10.0.40219.1
Project("{FAE04EC0-301F-11D3-BF4B-00C04F79EFBC}") = "LegacyManager", "LegacyManager\LegacyManager.csproj", "{45B95A67-1B1C-4691-9C05-760741F14545}"
EndProject
Project("{FAE04EC0-301F-11D3-BF4B-00C04F79EFBC}") = "LegacyManagerService", "LegacyManagerService\LegacyManagerService.csproj", "{6652C7D0-98D6-40B1-A67C-B2BF761C458C}"
EndProject
Project("{FAE04EC0-301F-11D3-BF4B-00C04F79EFBC}") = "Messaging.AMQP", "Messaging.AMQP\Messaging.AMQP.csproj", "{FD422F11-B49A-4F00-94B6-3D1598359E99}"
EndProject
Global
	GlobalSection(SolutionConfigurationPlatforms) = preSolution
		Debug|Any CPU = Debug|Any CPU
		Release|Any CPU = Release|Any CPU
	EndGlobalSection
	GlobalSection(ProjectConfigurationPlatforms) = postSolution
		{45B95A67-1B1C-4691-9C05-760741F14545}.Debug|Any CPU.ActiveCfg = Debug|Any CPU
		{45B95A67-1B1C-4691-9C05-760741F14545}.Debug|Any CPU.Build.0 = Debug|Any CPU
		{45B95A67-1B1C-4691-9C05-760741F14545}.Release|Any CPU.ActiveCfg = Release|Any CPU
		{45B95A67-1B1C-4691-9C05-760741F14545}.Release|Any CPU.Build.0 = Release|Any CPU
		{6652C7D0-98D6-40B1-A67C-B2BF761C458C}.Debug|Any CPU.ActiveCfg = Debug|Any CPU
		{6652C7D0-98D6-40B1-A67C-B2BF761C458C}.Debug|Any CPU.Build.0 = Debug|Any CPU
		{6652C7D0-98D6-40B1-A67C-B2BF761C458C}.Release|Any CPU.ActiveCfg = Release|Any CPU
		{6652C7D0-98D6-40B1-A67C-B2BF761C458C}.Release|Any CPU.Build.0 = Release|Any CPU
		{FD422F11-B49A-4F00-94B6-3D1598359E99}.Debug|Any CPU.ActiveCfg = Debug|Any CPU
		{FD422F11-B49A-4F00-94B6-3D1598359E99}.Debug|Any CPU.Build.0 = Debug|Any CPU
		{FD422F11-B49A-4F00-94B6-3D1598359E99}.Release|Any CPU.ActiveCfg = Release|Any CPU
		{FD422F11-B49A-4F00-94B6-3D1598359E99}.Release|Any CPU.Build.0 = Release|Any CPU
	EndGlobalSection
	GlobalSection(SolutionProperties) = preSolution
		HideSolutionNode = FALSE
	EndGlobalSection
	GlobalSection(ExtensibilityGlobals) = postSolution
		SolutionGuid = {90F0C2A1-0526-4AB7-9AC1-80BBB1474F19}
	EndGlobalSection
EndGlobal
